// !$*UTF8*$!
{
	archiveVersion = 1;
	classes = {
	};
	objectVersion = 50;
	objects = {

/* Begin PBXBuildFile section */
		7312DBB22614DFE000640E2D /* AppDelegate.swift in Sources */ = {isa = PBXBuildFile; fileRef = 7312DBB12614DFE000640E2D /* AppDelegate.swift */; };
		7312DBB42614DFE000640E2D /* SceneDelegate.swift in Sources */ = {isa = PBXBuildFile; fileRef = 7312DBB32614DFE000640E2D /* SceneDelegate.swift */; };
		7312DBB92614DFE000640E2D /* Main.storyboard in Resources */ = {isa = PBXBuildFile; fileRef = 7312DBB72614DFE000640E2D /* Main.storyboard */; };
		7312DBBB2614DFEE00640E2D /* Assets.xcassets in Resources */ = {isa = PBXBuildFile; fileRef = 7312DBBA2614DFEE00640E2D /* Assets.xcassets */; };
		7312DBBE2614DFEE00640E2D /* LaunchScreen.storyboard in Resources */ = {isa = PBXBuildFile; fileRef = 7312DBBC2614DFEE00640E2D /* LaunchScreen.storyboard */; };
		7312DBC92614E82D00640E2D /* LoginViewController.swift in Sources */ = {isa = PBXBuildFile; fileRef = 7312DBC82614E82D00640E2D /* LoginViewController.swift */; };
		7312DBCC2614E83F00640E2D /* CardsViewController.swift in Sources */ = {isa = PBXBuildFile; fileRef = 7312DBCB2614E83F00640E2D /* CardsViewController.swift */; };
		7312DBD32614E97C00640E2D /* WebKit.framework in Frameworks */ = {isa = PBXBuildFile; fileRef = 7312DBD22614E97C00640E2D /* WebKit.framework */; };
		7312DBD72614F24F00640E2D /* String+Extension.swift in Sources */ = {isa = PBXBuildFile; fileRef = 7312DBD62614F24F00640E2D /* String+Extension.swift */; };
		7312DBDB261502F400640E2D /* WebService.swift in Sources */ = {isa = PBXBuildFile; fileRef = 7312DBDA261502F400640E2D /* WebService.swift */; };
		7312DBE02615035700640E2D /* Post.swift in Sources */ = {isa = PBXBuildFile; fileRef = 7312DBDF2615035700640E2D /* Post.swift */; };
/* End PBXBuildFile section */

/* Begin PBXFileReference section */
		7312DBAE2614DFDF00640E2D /* Examen Conekta.app */ = {isa = PBXFileReference; explicitFileType = wrapper.application; includeInIndex = 0; path = "Examen Conekta.app"; sourceTree = BUILT_PRODUCTS_DIR; };
		7312DBB12614DFE000640E2D /* AppDelegate.swift */ = {isa = PBXFileReference; lastKnownFileType = sourcecode.swift; path = AppDelegate.swift; sourceTree = "<group>"; };
		7312DBB32614DFE000640E2D /* SceneDelegate.swift */ = {isa = PBXFileReference; lastKnownFileType = sourcecode.swift; path = SceneDelegate.swift; sourceTree = "<group>"; };
		7312DBB82614DFE000640E2D /* Base */ = {isa = PBXFileReference; lastKnownFileType = file.storyboard; name = Base; path = Base.lproj/Main.storyboard; sourceTree = "<group>"; };
		7312DBBA2614DFEE00640E2D /* Assets.xcassets */ = {isa = PBXFileReference; lastKnownFileType = folder.assetcatalog; path = Assets.xcassets; sourceTree = "<group>"; };
		7312DBBD2614DFEE00640E2D /* Base */ = {isa = PBXFileReference; lastKnownFileType = file.storyboard; name = Base; path = Base.lproj/LaunchScreen.storyboard; sourceTree = "<group>"; };
		7312DBBF2614DFEE00640E2D /* Info.plist */ = {isa = PBXFileReference; lastKnownFileType = text.plist.xml; path = Info.plist; sourceTree = "<group>"; };
		7312DBC82614E82D00640E2D /* LoginViewController.swift */ = {isa = PBXFileReference; lastKnownFileType = sourcecode.swift; path = LoginViewController.swift; sourceTree = "<group>"; };
		7312DBCB2614E83F00640E2D /* CardsViewController.swift */ = {isa = PBXFileReference; lastKnownFileType = sourcecode.swift; path = CardsViewController.swift; sourceTree = "<group>"; };
		7312DBD22614E97C00640E2D /* WebKit.framework */ = {isa = PBXFileReference; lastKnownFileType = wrapper.framework; name = WebKit.framework; path = System/Library/Frameworks/WebKit.framework; sourceTree = SDKROOT; };
		7312DBD62614F24F00640E2D /* String+Extension.swift */ = {isa = PBXFileReference; lastKnownFileType = sourcecode.swift; path = "String+Extension.swift"; sourceTree = "<group>"; };
		7312DBDA261502F400640E2D /* WebService.swift */ = {isa = PBXFileReference; lastKnownFileType = sourcecode.swift; path = WebService.swift; sourceTree = "<group>"; };
		7312DBDF2615035700640E2D /* Post.swift */ = {isa = PBXFileReference; lastKnownFileType = sourcecode.swift; path = Post.swift; sourceTree = "<group>"; };
/* End PBXFileReference section */

/* Begin PBXFrameworksBuildPhase section */
		7312DBAB2614DFDF00640E2D /* Frameworks */ = {
			isa = PBXFrameworksBuildPhase;
			buildActionMask = 2147483647;
			files = (
				7312DBD32614E97C00640E2D /* WebKit.framework in Frameworks */,
			);
			runOnlyForDeploymentPostprocessing = 0;
		};
/* End PBXFrameworksBuildPhase section */

/* Begin PBXGroup section */
		7312DBA52614DFDF00640E2D = {
			isa = PBXGroup;
			children = (
				7312DBB02614DFE000640E2D /* Examen Conekta */,
				7312DBAF2614DFDF00640E2D /* Products */,
				7312DBD12614E97C00640E2D /* Frameworks */,
			);
			sourceTree = "<group>";
		};
		7312DBAF2614DFDF00640E2D /* Products */ = {
			isa = PBXGroup;
			children = (
				7312DBAE2614DFDF00640E2D /* Examen Conekta.app */,
			);
			name = Products;
			sourceTree = "<group>";
		};
		7312DBB02614DFE000640E2D /* Examen Conekta */ = {
			isa = PBXGroup;
			children = (
				7312DBDE2615033B00640E2D /* Models */,
				7312DBD9261502DA00640E2D /* Services */,
				7312DBD52614F1F300640E2D /* Extensions */,
				7312DBB12614DFE000640E2D /* AppDelegate.swift */,
				7312DBB32614DFE000640E2D /* SceneDelegate.swift */,
				7312DBB72614DFE000640E2D /* Main.storyboard */,
				7312DBCF2614E85300640E2D /* Controllers */,
				7312DBBA2614DFEE00640E2D /* Assets.xcassets */,
				7312DBBC2614DFEE00640E2D /* LaunchScreen.storyboard */,
				7312DBBF2614DFEE00640E2D /* Info.plist */,
			);
			path = "Examen Conekta";
			sourceTree = "<group>";
		};
		7312DBCF2614E85300640E2D /* Controllers */ = {
			isa = PBXGroup;
			children = (
				7312DBC82614E82D00640E2D /* LoginViewController.swift */,
				7312DBCB2614E83F00640E2D /* CardsViewController.swift */,
			);
			path = Controllers;
			sourceTree = "<group>";
		};
		7312DBD12614E97C00640E2D /* Frameworks */ = {
			isa = PBXGroup;
			children = (
				7312DBD22614E97C00640E2D /* WebKit.framework */,
			);
			name = Frameworks;
			sourceTree = "<group>";
		};
		7312DBD52614F1F300640E2D /* Extensions */ = {
			isa = PBXGroup;
			children = (
				7312DBD62614F24F00640E2D /* String+Extension.swift */,
			);
			path = Extensions;
			sourceTree = "<group>";
		};
		7312DBD9261502DA00640E2D /* Services */ = {
			isa = PBXGroup;
			children = (
				7312DBDA261502F400640E2D /* WebService.swift */,
			);
			path = Services;
			sourceTree = "<group>";
		};
		7312DBDE2615033B00640E2D /* Models */ = {
			isa = PBXGroup;
			children = (
				7312DBDF2615035700640E2D /* Post.swift */,
			);
			path = Models;
			sourceTree = "<group>";
		};
/* End PBXGroup section */

/* Begin PBXNativeTarget section */
		7312DBAD2614DFDF00640E2D /* Examen Conekta */ = {
			isa = PBXNativeTarget;
			buildConfigurationList = 7312DBC22614DFEE00640E2D /* Build configuration list for PBXNativeTarget "Examen Conekta" */;
			buildPhases = (
				7312DBAA2614DFDF00640E2D /* Sources */,
				7312DBAB2614DFDF00640E2D /* Frameworks */,
				7312DBAC2614DFDF00640E2D /* Resources */,
			);
			buildRules = (
			);
			dependencies = (
			);
			name = "Examen Conekta";
			productName = "Examen Conekta";
			productReference = 7312DBAE2614DFDF00640E2D /* Examen Conekta.app */;
			productType = "com.apple.product-type.application";
		};
/* End PBXNativeTarget section */

/* Begin PBXProject section */
		7312DBA62614DFDF00640E2D /* Project object */ = {
			isa = PBXProject;
			attributes = {
				LastSwiftUpdateCheck = 1240;
				LastUpgradeCheck = 1240;
				TargetAttributes = {
					7312DBAD2614DFDF00640E2D = {
						CreatedOnToolsVersion = 12.4;
					};
				};
			};
			buildConfigurationList = 7312DBA92614DFDF00640E2D /* Build configuration list for PBXProject "Examen Conekta" */;
			compatibilityVersion = "Xcode 9.3";
			developmentRegion = en;
			hasScannedForEncodings = 0;
			knownRegions = (
				en,
				Base,
			);
			mainGroup = 7312DBA52614DFDF00640E2D;
			productRefGroup = 7312DBAF2614DFDF00640E2D /* Products */;
			projectDirPath = "";
			projectRoot = "";
			targets = (
				7312DBAD2614DFDF00640E2D /* Examen Conekta */,
			);
		};
/* End PBXProject section */

/* Begin PBXResourcesBuildPhase section */
		7312DBAC2614DFDF00640E2D /* Resources */ = {
			isa = PBXResourcesBuildPhase;
			buildActionMask = 2147483647;
			files = (
				7312DBBE2614DFEE00640E2D /* LaunchScreen.storyboard in Resources */,
				7312DBBB2614DFEE00640E2D /* Assets.xcassets in Resources */,
				7312DBB92614DFE000640E2D /* Main.storyboard in Resources */,
			);
			runOnlyForDeploymentPostprocessing = 0;
		};
/* End PBXResourcesBuildPhase section */

/* Begin PBXSourcesBuildPhase section */
		7312DBAA2614DFDF00640E2D /* Sources */ = {
			isa = PBXSourcesBuildPhase;
			buildActionMask = 2147483647;
			files = (
				7312DBDB261502F400640E2D /* WebService.swift in Sources */,
				7312DBC92614E82D00640E2D /* LoginViewController.swift in Sources */,
				7312DBCC2614E83F00640E2D /* CardsViewController.swift in Sources */,
				7312DBB22614DFE000640E2D /* AppDelegate.swift in Sources */,
				7312DBD72614F24F00640E2D /* String+Extension.swift in Sources */,
				7312DBE02615035700640E2D /* Post.swift in Sources */,
				7312DBB42614DFE000640E2D /* SceneDelegate.swift in Sources */,
			);
			runOnlyForDeploymentPostprocessing = 0;
		};
/* End PBXSourcesBuildPhase section */

/* Begin PBXVariantGroup section */
		7312DBB72614DFE000640E2D /* Main.storyboard */ = {
			isa = PBXVariantGroup;
			children = (
				7312DBB82614DFE000640E2D /* Base */,
			);
			name = Main.storyboard;
			sourceTree = "<group>";
		};
		7312DBBC2614DFEE00640E2D /* LaunchScreen.storyboard */ = {
			isa = PBXVariantGroup;
			children = (
				7312DBBD2614DFEE00640E2D /* Base */,
			);
			name = LaunchScreen.storyboard;
			sourceTree = "<group>";
		};
/* End PBXVariantGroup section */

/* Begin XCBuildConfiguration section */
		7312DBC02614DFEE00640E2D /* Debug */ = {
			isa = XCBuildConfiguration;
			buildSettings = {
				ALWAYS_SEARCH_USER_PATHS = NO;
				CLANG_ANALYZER_NONNULL = YES;
				CLANG_ANALYZER_NUMBER_OBJECT_CONVERSION = YES_AGGRESSIVE;
				CLANG_CXX_LANGUAGE_STANDARD = "gnu++14";
				CLANG_CXX_LIBRARY = "libc++";
				CLANG_ENABLE_MODULES = YES;
				CLANG_ENABLE_OBJC_ARC = YES;
				CLANG_ENABLE_OBJC_WEAK = YES;
				CLANG_WARN_BLOCK_CAPTURE_AUTORELEASING = YES;
				CLANG_WARN_BOOL_CONVERSION = YES;
				CLANG_WARN_COMMA = YES;
				CLANG_WARN_CONSTANT_CONVERSION = YES;
				CLANG_WARN_DEPRECATED_OBJC_IMPLEMENTATIONS = YES;
				CLANG_WARN_DIRECT_OBJC_ISA_USAGE = YES_ERROR;
				CLANG_WARN_DOCUMENTATION_COMMENTS = YES;
				CLANG_WARN_EMPTY_BODY = YES;
				CLANG_WARN_ENUM_CONVERSION = YES;
				CLANG_WARN_INFINITE_RECURSION = YES;
				CLANG_WARN_INT_CONVERSION = YES;
				CLANG_WARN_NON_LITERAL_NULL_CONVERSION = YES;
				CLANG_WARN_OBJC_IMPLICIT_RETAIN_SELF = YES;
				CLANG_WARN_OBJC_LITERAL_CONVERSION = YES;
				CLANG_WARN_OBJC_ROOT_CLASS = YES_ERROR;
				CLANG_WARN_QUOTED_INCLUDE_IN_FRAMEWORK_HEADER = YES;
				CLANG_WARN_RANGE_LOOP_ANALYSIS = YES;
				CLANG_WARN_STRICT_PROTOTYPES = YES;
				CLANG_WARN_SUSPICIOUS_MOVE = YES;
				CLANG_WARN_UNGUARDED_AVAILABILITY = YES_AGGRESSIVE;
				CLANG_WARN_UNREACHABLE_CODE = YES;
				CLANG_WARN__DUPLICATE_METHOD_MATCH = YES;
				COPY_PHASE_STRIP = NO;
				DEBUG_INFORMATION_FORMAT = dwarf;
				ENABLE_STRICT_OBJC_MSGSEND = YES;
				ENABLE_TESTABILITY = YES;
				GCC_C_LANGUAGE_STANDARD = gnu11;
				GCC_DYNAMIC_NO_PIC = NO;
				GCC_NO_COMMON_BLOCKS = YES;
				GCC_OPTIMIZATION_LEVEL = 0;
				GCC_PREPROCESSOR_DEFINITIONS = (
					"DEBUG=1",
					"$(inherited)",
				);
				GCC_WARN_64_TO_32_BIT_CONVERSION = YES;
				GCC_WARN_ABOUT_RETURN_TYPE = YES_ERROR;
				GCC_WARN_UNDECLARED_SELECTOR = YES;
				GCC_WARN_UNINITIALIZED_AUTOS = YES_AGGRESSIVE;
				GCC_WARN_UNUSED_FUNCTION = YES;
				GCC_WARN_UNUSED_VARIABLE = YES;
				IPHONEOS_DEPLOYMENT_TARGET = 14.4;
				MTL_ENABLE_DEBUG_INFO = INCLUDE_SOURCE;
				MTL_FAST_MATH = YES;
				ONLY_ACTIVE_ARCH = YES;
				SDKROOT = iphoneos;
				SWIFT_ACTIVE_COMPILATION_CONDITIONS = DEBUG;
				SWIFT_OPTIMIZATION_LEVEL = "-Onone";
			};
			name = Debug;
		};
		7312DBC12614DFEE00640E2D /* Release */ = {
			isa = XCBuildConfiguration;
			buildSettings = {
				ALWAYS_SEARCH_USER_PATHS = NO;
				CLANG_ANALYZER_NONNULL = YES;
				CLANG_ANALYZER_NUMBER_OBJECT_CONVERSION = YES_AGGRESSIVE;
				CLANG_CXX_LANGUAGE_STANDARD = "gnu++14";
				CLANG_CXX_LIBRARY = "libc++";
				CLANG_ENABLE_MODULES = YES;
				CLANG_ENABLE_OBJC_ARC = YES;
				CLANG_ENABLE_OBJC_WEAK = YES;
				CLANG_WARN_BLOCK_CAPTURE_AUTORELEASING = YES;
				CLANG_WARN_BOOL_CONVERSION = YES;
				CLANG_WARN_COMMA = YES;
				CLANG_WARN_CONSTANT_CONVERSION = YES;
				CLANG_WARN_DEPRECATED_OBJC_IMPLEMENTATIONS = YES;
				CLANG_WARN_DIRECT_OBJC_ISA_USAGE = YES_ERROR;
				CLANG_WARN_DOCUMENTATION_COMMENTS = YES;
				CLANG_WARN_EMPTY_BODY = YES;
				CLANG_WARN_ENUM_CONVERSION = YES;
				CLANG_WARN_INFINITE_RECURSION = YES;
				CLANG_WARN_INT_CONVERSION = YES;
				CLANG_WARN_NON_LITERAL_NULL_CONVERSION = YES;
				CLANG_WARN_OBJC_IMPLICIT_RETAIN_SELF = YES;
				CLANG_WARN_OBJC_LITERAL_CONVERSION = YES;
				CLANG_WARN_OBJC_ROOT_CLASS = YES_ERROR;
				CLANG_WARN_QUOTED_INCLUDE_IN_FRAMEWORK_HEADER = YES;
				CLANG_WARN_RANGE_LOOP_ANALYSIS = YES;
				CLANG_WARN_STRICT_PROTOTYPES = YES;
				CLANG_WARN_SUSPICIOUS_MOVE = YES;
				CLANG_WARN_UNGUARDED_AVAILABILITY = YES_AGGRESSIVE;
				CLANG_WARN_UNREACHABLE_CODE = YES;
				CLANG_WARN__DUPLICATE_METHOD_MATCH = YES;
				COPY_PHASE_STRIP = NO;
				DEBUG_INFORMATION_FORMAT = "dwarf-with-dsym";
				ENABLE_NS_ASSERTIONS = NO;
				ENABLE_STRICT_OBJC_MSGSEND = YES;
				GCC_C_LANGUAGE_STANDARD = gnu11;
				GCC_NO_COMMON_BLOCKS = YES;
				GCC_WARN_64_TO_32_BIT_CONVERSION = YES;
				GCC_WARN_ABOUT_RETURN_TYPE = YES_ERROR;
				GCC_WARN_UNDECLARED_SELECTOR = YES;
				GCC_WARN_UNINITIALIZED_AUTOS = YES_AGGRESSIVE;
				GCC_WARN_UNUSED_FUNCTION = YES;
				GCC_WARN_UNUSED_VARIABLE = YES;
				IPHONEOS_DEPLOYMENT_TARGET = 14.4;
				MTL_ENABLE_DEBUG_INFO = NO;
				MTL_FAST_MATH = YES;
				SDKROOT = iphoneos;
				SWIFT_COMPILATION_MODE = wholemodule;
				SWIFT_OPTIMIZATION_LEVEL = "-O";
				VALIDATE_PRODUCT = YES;
			};
			name = Release;
		};
		7312DBC32614DFEE00640E2D /* Debug */ = {
			isa = XCBuildConfiguration;
			buildSettings = {
				ASSETCATALOG_COMPILER_APPICON_NAME = AppIcon;
				ASSETCATALOG_COMPILER_GLOBAL_ACCENT_COLOR_NAME = AccentColor;
				CODE_SIGN_STYLE = Automatic;
				DEVELOPMENT_TEAM = 86V9YS97H9;
				INFOPLIST_FILE = "Examen Conekta/Info.plist";
				IPHONEOS_DEPLOYMENT_TARGET = 14.3;
				LD_RUNPATH_SEARCH_PATHS = (
					"$(inherited)",
					"@executable_path/Frameworks",
				);
				PRODUCT_BUNDLE_IDENTIFIER = "com.IsaacMaya.Examen-Conekta";
				PRODUCT_NAME = "$(TARGET_NAME)";
				SWIFT_VERSION = 5.0;
				TARGETED_DEVICE_FAMILY = "1,2";
			};
			name = Debug;
		};
		7312DBC42614DFEE00640E2D /* Release */ = {
			isa = XCBuildConfiguration;
			buildSettings = {
				ASSETCATALOG_COMPILER_APPICON_NAME = AppIcon;
				ASSETCATALOG_COMPILER_GLOBAL_ACCENT_COLOR_NAME = AccentColor;
				CODE_SIGN_STYLE = Automatic;
				DEVELOPMENT_TEAM = 86V9YS97H9;
				INFOPLIST_FILE = "Examen Conekta/Info.plist";
				IPHONEOS_DEPLOYMENT_TARGET = 14.3;
				LD_RUNPATH_SEARCH_PATHS = (
					"$(inherited)",
					"@executable_path/Frameworks",
				);
				PRODUCT_BUNDLE_IDENTIFIER = "com.IsaacMaya.Examen-Conekta";
				PRODUCT_NAME = "$(TARGET_NAME)";
				SWIFT_VERSION = 5.0;
				TARGETED_DEVICE_FAMILY = "1,2";
			};
			name = Release;
		};
/* End XCBuildConfiguration section */

/* Begin XCConfigurationList section */
		7312DBA92614DFDF00640E2D /* Build configuration list for PBXProject "Examen Conekta" */ = {
			isa = XCConfigurationList;
			buildConfigurations = (
				7312DBC02614DFEE00640E2D /* Debug */,
				7312DBC12614DFEE00640E2D /* Release */,
			);
			defaultConfigurationIsVisible = 0;
			defaultConfigurationName = Release;
		};
		7312DBC22614DFEE00640E2D /* Build configuration list for PBXNativeTarget "Examen Conekta" */ = {
			isa = XCConfigurationList;
			buildConfigurations = (
				7312DBC32614DFEE00640E2D /* Debug */,
				7312DBC42614DFEE00640E2D /* Release */,
			);
			defaultConfigurationIsVisible = 0;
			defaultConfigurationName = Release;
		};
/* End XCConfigurationList section */
	};
	rootObject = 7312DBA62614DFDF00640E2D /* Project object */;
}
